
Microsoft Visual Studio Solution File, Format Version 12.00
# Visual Studio Version 17
VisualStudioVersion = 17.10.34928.147
MinimumVisualStudioVersion = 10.0.40219.1
Project("{FAE04EC0-301F-11D3-BF4B-00C04F79EFBC}") = "EFAzureApi", "EFAzureApi\EFAzureApi.csproj", "{7448120E-9251-4D13-8C58-B8A2C2E5703B}"
EndProject
Global
	GlobalSection(SolutionConfigurationPlatforms) = preSolution
		Debug|Any CPU = Debug|Any CPU
		Release|Any CPU = Release|Any CPU
	EndGlobalSection
	GlobalSection(ProjectConfigurationPlatforms) = postSolution
		{7448120E-9251-4D13-8C58-B8A2C2E5703B}.Debug|Any CPU.ActiveCfg = Debug|Any CPU
		{7448120E-9251-4D13-8C58-B8A2C2E5703B}.Debug|Any CPU.Build.0 = Debug|Any CPU
		{7448120E-9251-4D13-8C58-B8A2C2E5703B}.Release|Any CPU.ActiveCfg = Release|Any CPU
		{7448120E-9251-4D13-8C58-B8A2C2E5703B}.Release|Any CPU.Build.0 = Release|Any CPU
	EndGlobalSection
	GlobalSection(SolutionProperties) = preSolution
		HideSolutionNode = FALSE
	EndGlobalSection
	GlobalSection(ExtensibilityGlobals) = postSolution
		SolutionGuid = {3ABB08B7-2BD1-41B6-BFDC-8585A8FB8439}
	EndGlobalSection
EndGlobal
